{
  "name": "EndGameMaps",
  "version": "0.0.1",
  "lockfileVersion": 2,
  "requires": true,
  "packages": {
    "": {
      "version": "0.0.1",
      "dependencies": {
        "leaflet": "^1.8.0"
      }
    },
    "node_modules/leaflet": {
      "version": "1.8.0",
      "license": "BSD-2-Clause"
    }
  },
  "dependencies": {
    "leaflet": {
      "version": "1.8.0"
    }
  }
}
